
Microsoft Visual Studio Solution File, Format Version 12.00
# Visual Studio Version 17
VisualStudioVersion = 17.0.31903.59
MinimumVisualStudioVersion = 10.0.40219.1
Project("{9A19103F-16F7-4668-BE54-9A1E7A4F7556}") = "Web.Api", "Web.Api\Web.Api.csproj", "{EE6DE54C-8B4D-4F65-B0A4-F69322AAC01D}"
EndProject
Project("{9A19103F-16F7-4668-BE54-9A1E7A4F7556}") = "Application", "Application\Application.csproj", "{EE4DB0AD-7326-4FEE-8494-EFBD0EBBEE3C}"
EndProject
Project("{9A19103F-16F7-4668-BE54-9A1E7A4F7556}") = "Infrastructure", "Infrastructure\Infrastructure.csproj", "{8912D481-9819-4BBD-861F-6582802D23BF}"
EndProject
Project("{9A19103F-16F7-4668-BE54-9A1E7A4F7556}") = "Domain", "Domain\Domain.csproj", "{6377A3F0-BE63-4A37-8AAD-89DC0555DF12}"
EndProject
Global
	GlobalSection(SolutionConfigurationPlatforms) = preSolution
		Debug|Any CPU = Debug|Any CPU
		Release|Any CPU = Release|Any CPU
	EndGlobalSection
	GlobalSection(ProjectConfigurationPlatforms) = postSolution
		{EE6DE54C-8B4D-4F65-B0A4-F69322AAC01D}.Debug|Any CPU.ActiveCfg = Debug|Any CPU
		{EE6DE54C-8B4D-4F65-B0A4-F69322AAC01D}.Debug|Any CPU.Build.0 = Debug|Any CPU
		{EE6DE54C-8B4D-4F65-B0A4-F69322AAC01D}.Release|Any CPU.ActiveCfg = Release|Any CPU
		{EE6DE54C-8B4D-4F65-B0A4-F69322AAC01D}.Release|Any CPU.Build.0 = Release|Any CPU
		{EE4DB0AD-7326-4FEE-8494-EFBD0EBBEE3C}.Debug|Any CPU.ActiveCfg = Debug|Any CPU
		{EE4DB0AD-7326-4FEE-8494-EFBD0EBBEE3C}.Debug|Any CPU.Build.0 = Debug|Any CPU
		{EE4DB0AD-7326-4FEE-8494-EFBD0EBBEE3C}.Release|Any CPU.ActiveCfg = Release|Any CPU
		{EE4DB0AD-7326-4FEE-8494-EFBD0EBBEE3C}.Release|Any CPU.Build.0 = Release|Any CPU
		{8912D481-9819-4BBD-861F-6582802D23BF}.Debug|Any CPU.ActiveCfg = Debug|Any CPU
		{8912D481-9819-4BBD-861F-6582802D23BF}.Debug|Any CPU.Build.0 = Debug|Any CPU
		{8912D481-9819-4BBD-861F-6582802D23BF}.Release|Any CPU.ActiveCfg = Release|Any CPU
		{8912D481-9819-4BBD-861F-6582802D23BF}.Release|Any CPU.Build.0 = Release|Any CPU
		{6377A3F0-BE63-4A37-8AAD-89DC0555DF12}.Debug|Any CPU.ActiveCfg = Debug|Any CPU
		{6377A3F0-BE63-4A37-8AAD-89DC0555DF12}.Debug|Any CPU.Build.0 = Debug|Any CPU
		{6377A3F0-BE63-4A37-8AAD-89DC0555DF12}.Release|Any CPU.ActiveCfg = Release|Any CPU
		{6377A3F0-BE63-4A37-8AAD-89DC0555DF12}.Release|Any CPU.Build.0 = Release|Any CPU
	EndGlobalSection
	GlobalSection(SolutionProperties) = preSolution
		HideSolutionNode = FALSE
	EndGlobalSection
EndGlobal
